{
    "_meta": {
        "hash": {
            "sha256": "1d3ff5d0702cc8291d5f39a1bb8a3a20a641f5373858d6f2473294c5833e4e7d"
        },
        "host-environment-markers": {
            "implementation_name": "cpython",
            "implementation_version": "3.6.2",
            "os_name": "posix",
            "platform_machine": "x86_64",
            "platform_python_implementation": "CPython",
            "platform_release": "4.13.3-1-ARCH",
            "platform_system": "Linux",
            "platform_version": "#1 SMP PREEMPT Thu Sep 21 20:33:16 CEST 2017",
            "python_full_version": "3.6.2",
            "python_version": "3.6",
            "sys_platform": "linux"
        },
        "pipfile-spec": 6,
        "requires": {
            "python_version": "3.6"
        },
        "sources": [
            {
                "name": "pypi",
                "url": "https://pypi.python.org/simple",
                "verify_ssl": true
            }
        ]
    },
    "default": {
        "selenium": {
            "hashes": [
                "sha256:fb6a2a5d80bf6f1de145d3a92a5d1331755e43aae07cff7b2588aa6e66fa8eaf",
                "sha256:9563021c5cba084041e13c218eb531d9c6920dcfa0ba1024bb5bf2b6c0df1797"
            ],
            "version": "==3.6.0"
        }
    },
    "develop": {}
}
